
Microsoft Visual Studio Solution File, Format Version 12.00
# Visual Studio 15
Project("{FAE04EC0-301F-11D3-BF4B-00C04F79EFBC}") = "Lab601", "Lab601\Lab601.csproj", "{B9A5BA2B-4B08-4377-B975-E8B5F2C89524}"
EndProject
Global
	GlobalSection(SolutionConfigurationPlatforms) = preSolution
		Debug|anycpu = Debug|anycpu
		Release|anycpu = Release|anycpu
	EndGlobalSection
	GlobalSection(ProjectConfigurationPlatforms) = postSolution
		{B9A5BA2B-4B08-4377-B975-E8B5F2C89524}.Debug|anycpu.ActiveCfg = Debug|anycpu
		{B9A5BA2B-4B08-4377-B975-E8B5F2C89524}.Debug|anycpu.Build.0 = Debug|anycpu
		{B9A5BA2B-4B08-4377-B975-E8B5F2C89524}.Release|anycpu.ActiveCfg = Release|anycpu
		{B9A5BA2B-4B08-4377-B975-E8B5F2C89524}.Release|anycpu.Build.0 = Release|anycpu
	EndGlobalSection
EndGlobal
