
Microsoft Visual Studio Solution File, Format Version 12.00
# Visual Studio 15
Project("{FAE04EC0-301F-11D3-BF4B-00C04F79EFBC}") = "Lab301", "Lab301\Lab301.csproj", "{5728F6CD-4C69-4637-9481-C414D89A76E9}"
EndProject
Global
	GlobalSection(SolutionConfigurationPlatforms) = preSolution
		Debug|anycpu = Debug|anycpu
		Release|anycpu = Release|anycpu
	EndGlobalSection
	GlobalSection(ProjectConfigurationPlatforms) = postSolution
		{5728F6CD-4C69-4637-9481-C414D89A76E9}.Debug|anycpu.ActiveCfg = Debug|anycpu
		{5728F6CD-4C69-4637-9481-C414D89A76E9}.Debug|anycpu.Build.0 = Debug|anycpu
		{5728F6CD-4C69-4637-9481-C414D89A76E9}.Release|anycpu.ActiveCfg = Release|anycpu
		{5728F6CD-4C69-4637-9481-C414D89A76E9}.Release|anycpu.Build.0 = Release|anycpu
	EndGlobalSection
EndGlobal
