
Microsoft Visual Studio Solution File, Format Version 12.00
# Visual Studio 15
Project("{FAE04EC0-301F-11D3-BF4B-00C04F79EFBC}") = "Lab803", "Lab803\Lab803.csproj", "{6B893CD8-B48B-46A8-9B72-FFFF21535BF5}"
EndProject
Global
	GlobalSection(SolutionConfigurationPlatforms) = preSolution
		Debug|anycpu = Debug|anycpu
		Release|anycpu = Release|anycpu
	EndGlobalSection
	GlobalSection(ProjectConfigurationPlatforms) = postSolution
		{6B893CD8-B48B-46A8-9B72-FFFF21535BF5}.Debug|anycpu.ActiveCfg = Debug|anycpu
		{6B893CD8-B48B-46A8-9B72-FFFF21535BF5}.Debug|anycpu.Build.0 = Debug|anycpu
		{6B893CD8-B48B-46A8-9B72-FFFF21535BF5}.Release|anycpu.ActiveCfg = Release|anycpu
		{6B893CD8-B48B-46A8-9B72-FFFF21535BF5}.Release|anycpu.Build.0 = Release|anycpu
	EndGlobalSection
EndGlobal
