
Microsoft Visual Studio Solution File, Format Version 12.00
# Visual Studio 15
Project("{FAE04EC0-301F-11D3-BF4B-00C04F79EFBC}") = "Lab1106", "Lab1106\Lab1106.csproj", "{ECEF858C-AF98-471F-B632-2383C24E3ADF}"
EndProject
Global
	GlobalSection(SolutionConfigurationPlatforms) = preSolution
		Debug|anycpu = Debug|anycpu
		Release|anycpu = Release|anycpu
	EndGlobalSection
	GlobalSection(ProjectConfigurationPlatforms) = postSolution
		{ECEF858C-AF98-471F-B632-2383C24E3ADF}.Debug|anycpu.ActiveCfg = Debug|anycpu
		{ECEF858C-AF98-471F-B632-2383C24E3ADF}.Debug|anycpu.Build.0 = Debug|anycpu
		{ECEF858C-AF98-471F-B632-2383C24E3ADF}.Release|anycpu.ActiveCfg = Release|anycpu
		{ECEF858C-AF98-471F-B632-2383C24E3ADF}.Release|anycpu.Build.0 = Release|anycpu
	EndGlobalSection
EndGlobal
