
Microsoft Visual Studio Solution File, Format Version 12.00
# Visual Studio 15
Project("{FAE04EC0-301F-11D3-BF4B-00C04F79EFBC}") = "Example803", "Example803\Example803.csproj", "{D4D937BA-7BF3-4D54-B6C7-6ACE3C7EDF0F}"
EndProject
Global
	GlobalSection(SolutionConfigurationPlatforms) = preSolution
		Debug|anycpu = Debug|anycpu
		Release|anycpu = Release|anycpu
	EndGlobalSection
	GlobalSection(ProjectConfigurationPlatforms) = postSolution
		{D4D937BA-7BF3-4D54-B6C7-6ACE3C7EDF0F}.Debug|anycpu.ActiveCfg = Debug|anycpu
		{D4D937BA-7BF3-4D54-B6C7-6ACE3C7EDF0F}.Debug|anycpu.Build.0 = Debug|anycpu
		{D4D937BA-7BF3-4D54-B6C7-6ACE3C7EDF0F}.Release|anycpu.ActiveCfg = Release|anycpu
		{D4D937BA-7BF3-4D54-B6C7-6ACE3C7EDF0F}.Release|anycpu.Build.0 = Release|anycpu
	EndGlobalSection
EndGlobal
