
Microsoft Visual Studio Solution File, Format Version 12.00
# Visual Studio 15
Project("{FAE04EC0-301F-11D3-BF4B-00C04F79EFBC}") = "Example1001", "Example1001\Example1001.csproj", "{C3C7168E-F1F0-4F5A-AFB4-372A1DF921BC}"
EndProject
Global
	GlobalSection(SolutionConfigurationPlatforms) = preSolution
		Debug|anycpu = Debug|anycpu
		Release|anycpu = Release|anycpu
	EndGlobalSection
	GlobalSection(ProjectConfigurationPlatforms) = postSolution
		{C3C7168E-F1F0-4F5A-AFB4-372A1DF921BC}.Debug|anycpu.ActiveCfg = Debug|anycpu
		{C3C7168E-F1F0-4F5A-AFB4-372A1DF921BC}.Debug|anycpu.Build.0 = Debug|anycpu
		{C3C7168E-F1F0-4F5A-AFB4-372A1DF921BC}.Release|anycpu.ActiveCfg = Release|anycpu
		{C3C7168E-F1F0-4F5A-AFB4-372A1DF921BC}.Release|anycpu.Build.0 = Release|anycpu
	EndGlobalSection
EndGlobal
