
Microsoft Visual Studio Solution File, Format Version 12.00
# Visual Studio 15
Project("{FAE04EC0-301F-11D3-BF4B-00C04F79EFBC}") = "Lab1002", "Lab1002\Lab1002.csproj", "{C16DF8ED-E4B7-481F-A4D4-A15BD2A5C668}"
EndProject
Global
	GlobalSection(SolutionConfigurationPlatforms) = preSolution
		Debug|anycpu = Debug|anycpu
		Release|anycpu = Release|anycpu
	EndGlobalSection
	GlobalSection(ProjectConfigurationPlatforms) = postSolution
		{C16DF8ED-E4B7-481F-A4D4-A15BD2A5C668}.Debug|anycpu.ActiveCfg = Debug|anycpu
		{C16DF8ED-E4B7-481F-A4D4-A15BD2A5C668}.Debug|anycpu.Build.0 = Debug|anycpu
		{C16DF8ED-E4B7-481F-A4D4-A15BD2A5C668}.Release|anycpu.ActiveCfg = Release|anycpu
		{C16DF8ED-E4B7-481F-A4D4-A15BD2A5C668}.Release|anycpu.Build.0 = Release|anycpu
	EndGlobalSection
EndGlobal
