
Microsoft Visual Studio Solution File, Format Version 12.00
# Visual Studio 15
Project("{FAE04EC0-301F-11D3-BF4B-00C04F79EFBC}") = "Lab303", "Lab303\Lab303.csproj", "{2838EB7C-FEA0-455C-8A22-2981CF30B20F}"
EndProject
Global
	GlobalSection(SolutionConfigurationPlatforms) = preSolution
		Debug|anycpu = Debug|anycpu
		Release|anycpu = Release|anycpu
	EndGlobalSection
	GlobalSection(ProjectConfigurationPlatforms) = postSolution
		{2838EB7C-FEA0-455C-8A22-2981CF30B20F}.Debug|anycpu.ActiveCfg = Debug|anycpu
		{2838EB7C-FEA0-455C-8A22-2981CF30B20F}.Debug|anycpu.Build.0 = Debug|anycpu
		{2838EB7C-FEA0-455C-8A22-2981CF30B20F}.Release|anycpu.ActiveCfg = Release|anycpu
		{2838EB7C-FEA0-455C-8A22-2981CF30B20F}.Release|anycpu.Build.0 = Release|anycpu
	EndGlobalSection
EndGlobal
