
Microsoft Visual Studio Solution File, Format Version 12.00
# Visual Studio 15
Project("{FAE04EC0-301F-11D3-BF4B-00C04F79EFBC}") = "Lab212", "Lab212\Lab212.csproj", "{62DF5118-82E4-4CA2-932F-521C7FDCD45B}"
EndProject
Global
	GlobalSection(SolutionConfigurationPlatforms) = preSolution
		Debug|anycpu = Debug|anycpu
		Release|anycpu = Release|anycpu
	EndGlobalSection
	GlobalSection(ProjectConfigurationPlatforms) = postSolution
		{62DF5118-82E4-4CA2-932F-521C7FDCD45B}.Debug|anycpu.ActiveCfg = Debug|anycpu
		{62DF5118-82E4-4CA2-932F-521C7FDCD45B}.Debug|anycpu.Build.0 = Debug|anycpu
		{62DF5118-82E4-4CA2-932F-521C7FDCD45B}.Release|anycpu.ActiveCfg = Release|anycpu
		{62DF5118-82E4-4CA2-932F-521C7FDCD45B}.Release|anycpu.Build.0 = Release|anycpu
	EndGlobalSection
EndGlobal
