
Microsoft Visual Studio Solution File, Format Version 12.00
# Visual Studio 15
Project("{FAE04EC0-301F-11D3-BF4B-00C04F79EFBC}") = "Lab1104", "Lab1104\Lab1104.csproj", "{9151D271-EBBA-4561-9C03-5A56BA79CA88}"
EndProject
Global
	GlobalSection(SolutionConfigurationPlatforms) = preSolution
		Debug|anycpu = Debug|anycpu
		Release|anycpu = Release|anycpu
	EndGlobalSection
	GlobalSection(ProjectConfigurationPlatforms) = postSolution
		{9151D271-EBBA-4561-9C03-5A56BA79CA88}.Debug|anycpu.ActiveCfg = Debug|anycpu
		{9151D271-EBBA-4561-9C03-5A56BA79CA88}.Debug|anycpu.Build.0 = Debug|anycpu
		{9151D271-EBBA-4561-9C03-5A56BA79CA88}.Release|anycpu.ActiveCfg = Release|anycpu
		{9151D271-EBBA-4561-9C03-5A56BA79CA88}.Release|anycpu.Build.0 = Release|anycpu
	EndGlobalSection
EndGlobal
