
Microsoft Visual Studio Solution File, Format Version 12.00
# Visual Studio 15
Project("{FAE04EC0-301F-11D3-BF4B-00C04F79EFBC}") = "Lab1101", "Lab1101\Lab1101.csproj", "{8C713D66-FF66-49AA-9DE5-93C1C102FD86}"
EndProject
Global
	GlobalSection(SolutionConfigurationPlatforms) = preSolution
		Debug|anycpu = Debug|anycpu
		Release|anycpu = Release|anycpu
	EndGlobalSection
	GlobalSection(ProjectConfigurationPlatforms) = postSolution
		{8C713D66-FF66-49AA-9DE5-93C1C102FD86}.Debug|anycpu.ActiveCfg = Debug|anycpu
		{8C713D66-FF66-49AA-9DE5-93C1C102FD86}.Debug|anycpu.Build.0 = Debug|anycpu
		{8C713D66-FF66-49AA-9DE5-93C1C102FD86}.Release|anycpu.ActiveCfg = Release|anycpu
		{8C713D66-FF66-49AA-9DE5-93C1C102FD86}.Release|anycpu.Build.0 = Release|anycpu
	EndGlobalSection
EndGlobal
