
Microsoft Visual Studio Solution File, Format Version 12.00
# Visual Studio 15
Project("{FAE04EC0-301F-11D3-BF4B-00C04F79EFBC}") = "Lab401", "Lab401\Lab401.csproj", "{D8009EE5-68F1-4D3F-BACB-3A150B55534F}"
EndProject
Global
	GlobalSection(SolutionConfigurationPlatforms) = preSolution
		Debug|anycpu = Debug|anycpu
		Release|anycpu = Release|anycpu
	EndGlobalSection
	GlobalSection(ProjectConfigurationPlatforms) = postSolution
		{D8009EE5-68F1-4D3F-BACB-3A150B55534F}.Debug|anycpu.ActiveCfg = Debug|anycpu
		{D8009EE5-68F1-4D3F-BACB-3A150B55534F}.Debug|anycpu.Build.0 = Debug|anycpu
		{D8009EE5-68F1-4D3F-BACB-3A150B55534F}.Release|anycpu.ActiveCfg = Release|anycpu
		{D8009EE5-68F1-4D3F-BACB-3A150B55534F}.Release|anycpu.Build.0 = Release|anycpu
	EndGlobalSection
EndGlobal
