
Microsoft Visual Studio Solution File, Format Version 12.00
# Visual Studio 15
Project("{FAE04EC0-301F-11D3-BF4B-00C04F79EFBC}") = "Example702", "Example702\Example702.csproj", "{72BB81BE-4EB0-4777-8A34-2E4AF924FF4A}"
EndProject
Global
	GlobalSection(SolutionConfigurationPlatforms) = preSolution
		Debug|anycpu = Debug|anycpu
		Release|anycpu = Release|anycpu
	EndGlobalSection
	GlobalSection(ProjectConfigurationPlatforms) = postSolution
		{72BB81BE-4EB0-4777-8A34-2E4AF924FF4A}.Debug|anycpu.ActiveCfg = Debug|anycpu
		{72BB81BE-4EB0-4777-8A34-2E4AF924FF4A}.Debug|anycpu.Build.0 = Debug|anycpu
		{72BB81BE-4EB0-4777-8A34-2E4AF924FF4A}.Release|anycpu.ActiveCfg = Release|anycpu
		{72BB81BE-4EB0-4777-8A34-2E4AF924FF4A}.Release|anycpu.Build.0 = Release|anycpu
	EndGlobalSection
EndGlobal
