
Microsoft Visual Studio Solution File, Format Version 12.00
# Visual Studio 15
Project("{FAE04EC0-301F-11D3-BF4B-00C04F79EFBC}") = "Lab501", "Lab501\Lab501.csproj", "{EBFA4FE2-741A-41A0-963B-B4684A72148A}"
EndProject
Global
	GlobalSection(SolutionConfigurationPlatforms) = preSolution
		Debug|anycpu = Debug|anycpu
		Release|anycpu = Release|anycpu
	EndGlobalSection
	GlobalSection(ProjectConfigurationPlatforms) = postSolution
		{EBFA4FE2-741A-41A0-963B-B4684A72148A}.Debug|anycpu.ActiveCfg = Debug|anycpu
		{EBFA4FE2-741A-41A0-963B-B4684A72148A}.Debug|anycpu.Build.0 = Debug|anycpu
		{EBFA4FE2-741A-41A0-963B-B4684A72148A}.Release|anycpu.ActiveCfg = Release|anycpu
		{EBFA4FE2-741A-41A0-963B-B4684A72148A}.Release|anycpu.Build.0 = Release|anycpu
	EndGlobalSection
EndGlobal
