
Microsoft Visual Studio Solution File, Format Version 12.00
# Visual Studio 15
Project("{FAE04EC0-301F-11D3-BF4B-00C04F79EFBC}") = "Lab704", "Lab704\Lab704.csproj", "{E3AF906D-4C91-4AB2-A3CB-6F3B880CE29E}"
EndProject
Global
	GlobalSection(SolutionConfigurationPlatforms) = preSolution
		Debug|anycpu = Debug|anycpu
		Release|anycpu = Release|anycpu
	EndGlobalSection
	GlobalSection(ProjectConfigurationPlatforms) = postSolution
		{E3AF906D-4C91-4AB2-A3CB-6F3B880CE29E}.Debug|anycpu.ActiveCfg = Debug|anycpu
		{E3AF906D-4C91-4AB2-A3CB-6F3B880CE29E}.Debug|anycpu.Build.0 = Debug|anycpu
		{E3AF906D-4C91-4AB2-A3CB-6F3B880CE29E}.Release|anycpu.ActiveCfg = Release|anycpu
		{E3AF906D-4C91-4AB2-A3CB-6F3B880CE29E}.Release|anycpu.Build.0 = Release|anycpu
	EndGlobalSection
EndGlobal
