
Microsoft Visual Studio Solution File, Format Version 12.00
# Visual Studio 15
Project("{FAE04EC0-301F-11D3-BF4B-00C04F79EFBC}") = "Lab204", "Lab204\Lab204.csproj", "{C483250C-C4ED-4424-A48D-3059CE7953A6}"
EndProject
Global
	GlobalSection(SolutionConfigurationPlatforms) = preSolution
		Debug|anycpu = Debug|anycpu
		Release|anycpu = Release|anycpu
	EndGlobalSection
	GlobalSection(ProjectConfigurationPlatforms) = postSolution
		{C483250C-C4ED-4424-A48D-3059CE7953A6}.Debug|anycpu.ActiveCfg = Debug|anycpu
		{C483250C-C4ED-4424-A48D-3059CE7953A6}.Debug|anycpu.Build.0 = Debug|anycpu
		{C483250C-C4ED-4424-A48D-3059CE7953A6}.Release|anycpu.ActiveCfg = Release|anycpu
		{C483250C-C4ED-4424-A48D-3059CE7953A6}.Release|anycpu.Build.0 = Release|anycpu
	EndGlobalSection
EndGlobal
