
Microsoft Visual Studio Solution File, Format Version 12.00
# Visual Studio 15
Project("{FAE04EC0-301F-11D3-BF4B-00C04F79EFBC}") = "Lab406", "Lab406\Lab406.csproj", "{12AC749C-E270-4C4C-AB65-EB9C9444A2FE}"
EndProject
Global
	GlobalSection(SolutionConfigurationPlatforms) = preSolution
		Debug|anycpu = Debug|anycpu
		Release|anycpu = Release|anycpu
	EndGlobalSection
	GlobalSection(ProjectConfigurationPlatforms) = postSolution
		{12AC749C-E270-4C4C-AB65-EB9C9444A2FE}.Debug|anycpu.ActiveCfg = Debug|anycpu
		{12AC749C-E270-4C4C-AB65-EB9C9444A2FE}.Debug|anycpu.Build.0 = Debug|anycpu
		{12AC749C-E270-4C4C-AB65-EB9C9444A2FE}.Release|anycpu.ActiveCfg = Release|anycpu
		{12AC749C-E270-4C4C-AB65-EB9C9444A2FE}.Release|anycpu.Build.0 = Release|anycpu
	EndGlobalSection
EndGlobal
