
Microsoft Visual Studio Solution File, Format Version 12.00
# Visual Studio 15
Project("{FAE04EC0-301F-11D3-BF4B-00C04F79EFBC}") = "Lab1101", "Lab1101\Lab1101.csproj", "{15ABEADB-379C-4B86-9A2B-43F1CDCF996F}"
EndProject
Global
	GlobalSection(SolutionConfigurationPlatforms) = preSolution
		Debug|anycpu = Debug|anycpu
		Release|anycpu = Release|anycpu
	EndGlobalSection
	GlobalSection(ProjectConfigurationPlatforms) = postSolution
		{15ABEADB-379C-4B86-9A2B-43F1CDCF996F}.Debug|anycpu.ActiveCfg = Debug|anycpu
		{15ABEADB-379C-4B86-9A2B-43F1CDCF996F}.Debug|anycpu.Build.0 = Debug|anycpu
		{15ABEADB-379C-4B86-9A2B-43F1CDCF996F}.Release|anycpu.ActiveCfg = Release|anycpu
		{15ABEADB-379C-4B86-9A2B-43F1CDCF996F}.Release|anycpu.Build.0 = Release|anycpu
	EndGlobalSection
EndGlobal
