
Microsoft Visual Studio Solution File, Format Version 12.00
# Visual Studio 15
Project("{FAE04EC0-301F-11D3-BF4B-00C04F79EFBC}") = "Lab908", "Lab908\Lab908.csproj", "{A87F3FF8-4F73-44B0-8E0F-105E13E615B5}"
EndProject
Global
	GlobalSection(SolutionConfigurationPlatforms) = preSolution
		Debug|anycpu = Debug|anycpu
		Release|anycpu = Release|anycpu
	EndGlobalSection
	GlobalSection(ProjectConfigurationPlatforms) = postSolution
		{A87F3FF8-4F73-44B0-8E0F-105E13E615B5}.Debug|anycpu.ActiveCfg = Debug|anycpu
		{A87F3FF8-4F73-44B0-8E0F-105E13E615B5}.Debug|anycpu.Build.0 = Debug|anycpu
		{A87F3FF8-4F73-44B0-8E0F-105E13E615B5}.Release|anycpu.ActiveCfg = Release|anycpu
		{A87F3FF8-4F73-44B0-8E0F-105E13E615B5}.Release|anycpu.Build.0 = Release|anycpu
	EndGlobalSection
EndGlobal
