
Microsoft Visual Studio Solution File, Format Version 12.00
# Visual Studio 15
Project("{FAE04EC0-301F-11D3-BF4B-00C04F79EFBC}") = "Example1003", "Example1003\Example1003.csproj", "{FF830FD2-FD06-4BE9-9929-797A3AADA788}"
EndProject
Global
	GlobalSection(SolutionConfigurationPlatforms) = preSolution
		Debug|anycpu = Debug|anycpu
		Release|anycpu = Release|anycpu
	EndGlobalSection
	GlobalSection(ProjectConfigurationPlatforms) = postSolution
		{FF830FD2-FD06-4BE9-9929-797A3AADA788}.Debug|anycpu.ActiveCfg = Debug|anycpu
		{FF830FD2-FD06-4BE9-9929-797A3AADA788}.Debug|anycpu.Build.0 = Debug|anycpu
		{FF830FD2-FD06-4BE9-9929-797A3AADA788}.Release|anycpu.ActiveCfg = Release|anycpu
		{FF830FD2-FD06-4BE9-9929-797A3AADA788}.Release|anycpu.Build.0 = Release|anycpu
	EndGlobalSection
EndGlobal
