
Microsoft Visual Studio Solution File, Format Version 12.00
# Visual Studio 15
Project("{FAE04EC0-301F-11D3-BF4B-00C04F79EFBC}") = "Lab802", "Lab802\Lab802.csproj", "{40787332-BDFF-46B5-B955-287F48337F99}"
EndProject
Global
	GlobalSection(SolutionConfigurationPlatforms) = preSolution
		Debug|anycpu = Debug|anycpu
		Release|anycpu = Release|anycpu
	EndGlobalSection
	GlobalSection(ProjectConfigurationPlatforms) = postSolution
		{40787332-BDFF-46B5-B955-287F48337F99}.Debug|anycpu.ActiveCfg = Debug|anycpu
		{40787332-BDFF-46B5-B955-287F48337F99}.Debug|anycpu.Build.0 = Debug|anycpu
		{40787332-BDFF-46B5-B955-287F48337F99}.Release|anycpu.ActiveCfg = Release|anycpu
		{40787332-BDFF-46B5-B955-287F48337F99}.Release|anycpu.Build.0 = Release|anycpu
	EndGlobalSection
EndGlobal
